
Microsoft Visual Studio Solution File, Format Version 12.00
# Visual Studio 15
VisualStudioVersion = 15.0.28307.1022
MinimumVisualStudioVersion = 10.0.40219.1
Project("{FAE04EC0-301F-11D3-BF4B-00C04F79EFBC}") = "Lab3", "Lab2\Lab3.csproj", "{88A30B96-36FC-49C5-9349-453A2765F2A5}"
EndProject
Global
	GlobalSection(SolutionConfigurationPlatforms) = preSolution
		Debug|Any CPU = Debug|Any CPU
		Release|Any CPU = Release|Any CPU
	EndGlobalSection
	GlobalSection(ProjectConfigurationPlatforms) = postSolution
		{88A30B96-36FC-49C5-9349-453A2765F2A5}.Debug|Any CPU.ActiveCfg = Debug|Any CPU
		{88A30B96-36FC-49C5-9349-453A2765F2A5}.Debug|Any CPU.Build.0 = Debug|Any CPU
		{88A30B96-36FC-49C5-9349-453A2765F2A5}.Release|Any CPU.ActiveCfg = Release|Any CPU
		{88A30B96-36FC-49C5-9349-453A2765F2A5}.Release|Any CPU.Build.0 = Release|Any CPU
	EndGlobalSection
	GlobalSection(SolutionProperties) = preSolution
		HideSolutionNode = FALSE
	EndGlobalSection
	GlobalSection(ExtensibilityGlobals) = postSolution
		SolutionGuid = {FFD6EE08-83F4-4D38-8A61-242357867B5F}
	EndGlobalSection
EndGlobal
